{
  "name": "profile-assets",
  "lockfileVersion": 3,
  "requires": true,
  "packages": {
    "": {
      "name": "profile-assets",
      "devDependencies": {
        "@fontsource/jetbrains-mono": "5.3.0",
        "@fontsource/space-grotesk": "5.3.0",
        "simple-icons": "16.34.0"
      }
    },
    "node_modules/@fontsource/jetbrains-mono": {
      "version": "5.3.0",
      "resolved": "https://registry.npmjs.org/@fontsource/jetbrains-mono/-/jetbrains-mono-5.3.0.tgz",
      "integrity": "sha512-fqDfB5I9f1p1TV486aUgB9t8zP84P0O1FtQR5Ol9vjwPy+S+EIGlVYm1cvj2W5shcZMTg2nZFdVMoH5wFu8a1A==",
      "dev": true,
      "license": "OFL-1.1",
      "funding": {
        "url": "https://github.com/sponsors/ayuhito"
      }
    },
    "node_modules/@fontsource/space-grotesk": {
      "version": "5.3.0",
      "resolved": "https://registry.npmjs.org/@fontsource/space-grotesk/-/space-grotesk-5.3.0.tgz",
      "integrity": "sha512-ksnGizDPXIDuvqcTYTSrmZ+evx9sDlS8rp7+42BQ7wU+spt3twEoXfbJz672C+5CLg6VeUQwRy5RXshWb67LcQ==",
      "dev": true,
      "license": "OFL-1.1",
      "funding": {
        "url": "https://github.com/sponsors/ayuhito"
      }
    },
    "node_modules/simple-icons": {
      "version": "16.34.0",
      "resolved": "https://registry.npmjs.org/simple-icons/-/simple-icons-16.34.0.tgz",
      "integrity": "sha512-UTxKn0PVspk84B2hHF3Dqiqht1yDjJmDc/t4cO7PyCQxCMk6OjEu95pnpGjhLaGeQ4qBrGASbefTIe/+czrX7g==",
      "dev": true,
      "funding": [
        {
          "type": "opencollective",
          "url": "https://opencollective.com/simple-icons"
        },
        {
          "type": "github",
          "url": "https://github.com/sponsors/simple-icons"
        }
      ],
      "license": "CC0-1.0",
      "engines": {
        "node": ">=0.12.18"
      }
    }
  }
}
